{
	"name": "terramind-core",
	"version": "0.0.1",
	"lockfileVersion": 3,
	"requires": true,
	"packages": {
		"": {
			"name": "terramind-core",
			"version": "0.0.1",
			"license": "MIT",
			"devDependencies": {
				"@types/node": "24.x"
			},
			"engines": {
				"vscode": "^1.140.0"
			}
		},
		"node_modules/@types/node": {
			"version": "24.19.0",
			"resolved": "https://registry.npmjs.org/@types/node/-/node-24.19.0.tgz",
			"integrity": "sha512-zY+5tKxXdhGh1PYI0ac+7juvEu4OI6vWtVVoj5i2m42jxAY1U+zHGt6QCyOFwykdP62sM3MJ9stoYYUw5aCWew==",
			"dev": true,
			"license": "MIT",
			"dependencies": {
				"undici-types": ">=7.24.0 <7.24.7"
			}
		},
		"node_modules/undici-types": {
			"version": "7.24.6",
			"resolved": "https://registry.npmjs.org/undici-types/-/undici-types-7.24.6.tgz",
			"integrity": "sha512-WRNW+sJgj5OBN4/0JpHFqtqzhpbnV0GuB+OozA9gCL7a993SmU+1JBZCzLNxYsbMfIeDL+lTsphD5jN5N+n0zg==",
			"dev": true,
			"license": "MIT"
		}
	}
}
